{
    "_readme": [
        "This file locks the dependencies of your project to a known state",
        "Read more about it at https://getcomposer.org/doc/01-basic-usage.md#installing-dependencies",
        "This file is @generated automatically"
    ],
    "content-hash": "9df1792039c09e1cc58ddec14b754e51",
    "packages": [
        {
            "name": "mwdelaney/sage-acf-gutenberg-blocks",
            "version": "0.7",
            "source": {
                "type": "git",
                "url": "https://github.com/MWDelaney/sage-acf-wp-blocks.git",
                "reference": "795527e63b45c8426741a074270355953b28ce37"
            },
            "dist": {
                "type": "zip",
                "url": "https://api.github.com/repos/MWDelaney/sage-acf-wp-blocks/zipball/795527e63b45c8426741a074270355953b28ce37",
                "reference": "795527e63b45c8426741a074270355953b28ce37",
                "shasum": ""
            },
            "require": {
                "php": ">=5.3.2"
            },
            "type": "library",
            "autoload": {
                "files": [
                    "sage-acf-gutenberg-blocks.php"
                ]
            },
            "notification-url": "https://packagist.org/downloads/",
            "license": [
                "MIT"
            ],
            "authors": [
                {
                    "name": "Michael W. Delaney",
                    "email": "michael@michaeldelaney.me"
                },
                {
                    "name": "Nico Prat"
                }
            ],
            "description": "Create Gutenberg blocks from Sage blade templates and ACF fields.",
            "homepage": "https://github.com/MWDelaney/sage-acf-gutenberg-blocks",
            "keywords": [
                "advanced custom fields",
                "gutenberg",
                "wordpress"
            ],
            "time": "2021-01-13T21:07:25+00:00"
        }
    ],
    "packages-dev": [
        {
            "name": "squizlabs/php_codesniffer",
            "version": "3.7.1",
            "source": {
                "type": "git",
                "url": "https://github.com/squizlabs/PHP_CodeSniffer.git",
                "reference": "1359e176e9307e906dc3d890bcc9603ff6d90619"
            },
            "dist": {
                "type": "zip",
                "url": "https://api.github.com/repos/squizlabs/PHP_CodeSniffer/zipball/1359e176e9307e906dc3d890bcc9603ff6d90619",
                "reference": "1359e176e9307e906dc3d890bcc9603ff6d90619",
                "shasum": ""
            },
            "require": {
                "ext-simplexml": "*",
                "ext-tokenizer": "*",
                "ext-xmlwriter": "*",
                "php": ">=5.4.0"
            },
            "require-dev": {
                "phpunit/phpunit": "^4.0 || ^5.0 || ^6.0 || ^7.0"
            },
            "bin": [
                "bin/phpcs",
                "bin/phpcbf"
            ],
            "type": "library",
            "extra": {
                "branch-alias": {
                    "dev-master": "3.x-dev"
                }
            },
            "notification-url": "https://packagist.org/downloads/",
            "license": [
                "BSD-3-Clause"
            ],
            "authors": [
                {
                    "name": "Greg Sherwood",
                    "role": "lead"
                }
            ],
            "description": "PHP_CodeSniffer tokenizes PHP, JavaScript and CSS files and detects violations of a defined set of coding standards.",
            "homepage": "https://github.com/squizlabs/PHP_CodeSniffer",
            "keywords": [
                "phpcs",
                "standards"
            ],
            "time": "2022-06-18T07:21:10+00:00"
        }
    ],
    "aliases": [],
    "minimum-stability": "dev",
    "stability-flags": [],
    "prefer-stable": true,
    "prefer-lowest": false,
    "platform": {
        "php": "^7.4|^8.0"
    },
    "platform-dev": [],
    "plugin-api-version": "1.1.0"
}
